
Microsoft Visual Studio Solution File, Format Version 12.00
# Visual Studio 14
VisualStudioVersion = 14.0.24720.0
MinimumVisualStudioVersion = 10.0.40219.1
Project("{FAE04EC0-301F-11D3-BF4B-00C04F79EFBC}") = "LightBuzz.Vitruvius", "LightBuzz.Vitruvius\LightBuzz.Vitruvius.csproj", "{89E39683-D56D-4604-971B-587C22C62934}"
EndProject
Project("{FAE04EC0-301F-11D3-BF4B-00C04F79EFBC}") = "Samples", "Samples\Samples.csproj", "{0D503AEB-8658-4031-86E5-B460986E7179}"
EndProject
Project("{2150E333-8FDC-42A3-9474-1A3956D46DE8}") = "Diagrams", "Diagrams", "{B3CBE529-7E32-4BDE-A732-1E1FD999DAEC}"
	ProjectSection(SolutionItems) = preProject
		LightBuzz.Vitruvius\Controls\Vitruvius.Controls.cd = LightBuzz.Vitruvius\Controls\Vitruvius.Controls.cd
		LightBuzz.Vitruvius\Bitmaps\Vitruvius_Bitmaps.cd = LightBuzz.Vitruvius\Bitmaps\Vitruvius_Bitmaps.cd
		LightBuzz.Vitruvius\Core\Vitruvius_Core.cd = LightBuzz.Vitruvius\Core\Vitruvius_Core.cd
		LightBuzz.Vitruvius\Extensions\Vitruvius_Extensions.cd = LightBuzz.Vitruvius\Extensions\Vitruvius_Extensions.cd
		LightBuzz.Vitruvius\Gestures\Vitruvius_Gestures.cd = LightBuzz.Vitruvius\Gestures\Vitruvius_Gestures.cd
		LightBuzz.Vitruvius\Gestures\Segments\Vitruvius_GestureSegments.cd = LightBuzz.Vitruvius\Gestures\Segments\Vitruvius_GestureSegments.cd
		LightBuzz.Vitruvius\Tools\Vitruvius_Tools.cd = LightBuzz.Vitruvius\Tools\Vitruvius_Tools.cd
	EndProjectSection
EndProject
Project("{2150E333-8FDC-42A3-9474-1A3956D46DE8}") = "Solution Items", "Solution Items", "{BCE6A5D6-27D1-484F-8F74-4954BC7A4B22}"
	ProjectSection(SolutionItems) = preProject
		..\..\LICENSE = ..\..\LICENSE
		..\..\README.md = ..\..\README.md
	EndProjectSection
EndProject
Global
	GlobalSection(SolutionConfigurationPlatforms) = preSolution
		Debug|Any CPU = Debug|Any CPU
		Debug|x64 = Debug|x64
		Debug|x86 = Debug|x86
		Release|Any CPU = Release|Any CPU
		Release|x64 = Release|x64
		Release|x86 = Release|x86
	EndGlobalSection
	GlobalSection(ProjectConfigurationPlatforms) = postSolution
		{89E39683-D56D-4604-971B-587C22C62934}.Debug|Any CPU.ActiveCfg = Debug|Any CPU
		{89E39683-D56D-4604-971B-587C22C62934}.Debug|Any CPU.Build.0 = Debug|Any CPU
		{89E39683-D56D-4604-971B-587C22C62934}.Debug|x64.ActiveCfg = Debug|x86
		{89E39683-D56D-4604-971B-587C22C62934}.Debug|x64.Build.0 = Debug|x86
		{89E39683-D56D-4604-971B-587C22C62934}.Debug|x86.ActiveCfg = Debug|x86
		{89E39683-D56D-4604-971B-587C22C62934}.Debug|x86.Build.0 = Debug|x86
		{89E39683-D56D-4604-971B-587C22C62934}.Release|Any CPU.ActiveCfg = Release|Any CPU
		{89E39683-D56D-4604-971B-587C22C62934}.Release|Any CPU.Build.0 = Release|Any CPU
		{89E39683-D56D-4604-971B-587C22C62934}.Release|x64.ActiveCfg = Release|Any CPU
		{89E39683-D56D-4604-971B-587C22C62934}.Release|x64.Build.0 = Release|Any CPU
		{89E39683-D56D-4604-971B-587C22C62934}.Release|x86.ActiveCfg = Release|x86
		{89E39683-D56D-4604-971B-587C22C62934}.Release|x86.Build.0 = Release|x86
		{0D503AEB-8658-4031-86E5-B460986E7179}.Debug|Any CPU.ActiveCfg = Debug|Any CPU
		{0D503AEB-8658-4031-86E5-B460986E7179}.Debug|Any CPU.Build.0 = Debug|Any CPU
		{0D503AEB-8658-4031-86E5-B460986E7179}.Debug|x64.ActiveCfg = Debug|x64
		{0D503AEB-8658-4031-86E5-B460986E7179}.Debug|x64.Build.0 = Debug|x64
		{0D503AEB-8658-4031-86E5-B460986E7179}.Debug|x86.ActiveCfg = Debug|Any CPU
		{0D503AEB-8658-4031-86E5-B460986E7179}.Debug|x86.Build.0 = Debug|Any CPU
		{0D503AEB-8658-4031-86E5-B460986E7179}.Release|Any CPU.ActiveCfg = Release|Any CPU
		{0D503AEB-8658-4031-86E5-B460986E7179}.Release|Any CPU.Build.0 = Release|Any CPU
		{0D503AEB-8658-4031-86E5-B460986E7179}.Release|x64.ActiveCfg = Release|x64
		{0D503AEB-8658-4031-86E5-B460986E7179}.Release|x64.Build.0 = Release|x64
		{0D503AEB-8658-4031-86E5-B460986E7179}.Release|x86.ActiveCfg = Release|Any CPU
		{0D503AEB-8658-4031-86E5-B460986E7179}.Release|x86.Build.0 = Release|Any CPU
	EndGlobalSection
	GlobalSection(SolutionProperties) = preSolution
		HideSolutionNode = FALSE
	EndGlobalSection
EndGlobal
