
Microsoft Visual Studio Solution File, Format Version 12.00
# Visual Studio 2013
VisualStudioVersion = 12.0.31101.0
MinimumVisualStudioVersion = 10.0.40219.1
Project("{FAE04EC0-301F-11D3-BF4B-00C04F79EFBC}") = "LightBuzz.Vitruvius", "LightBuzz.Vitruvius\LightBuzz.Vitruvius.csproj", "{89E39683-D56D-4604-971B-587C22C62934}"
EndProject
Global
	GlobalSection(SolutionConfigurationPlatforms) = preSolution
		Debug|Any CPU = Debug|Any CPU
		Release|Any CPU = Release|Any CPU
	EndGlobalSection
	GlobalSection(ProjectConfigurationPlatforms) = postSolution
		{89E39683-D56D-4604-971B-587C22C62934}.Debug|Any CPU.ActiveCfg = Debug|Any CPU
		{89E39683-D56D-4604-971B-587C22C62934}.Debug|Any CPU.Build.0 = Debug|Any CPU
		{89E39683-D56D-4604-971B-587C22C62934}.Release|Any CPU.ActiveCfg = Release|Any CPU
		{89E39683-D56D-4604-971B-587C22C62934}.Release|Any CPU.Build.0 = Release|Any CPU
	EndGlobalSection
	GlobalSection(SolutionProperties) = preSolution
		HideSolutionNode = FALSE
	EndGlobalSection
EndGlobal
