
Microsoft Visual Studio Solution File, Format Version 12.00
# Visual Studio 2013
VisualStudioVersion = 12.0.21005.1
MinimumVisualStudioVersion = 10.0.40219.1
Project("{FAE04EC0-301F-11D3-BF4B-00C04F79EFBC}") = "LightBuzz.Vitruvius.WPF", "LightBuzz.Vitruvius.WPF\LightBuzz.Vitruvius.WPF.csproj", "{8BAE0B01-2DD9-44AD-824E-5FE63C0F64D0}"
EndProject
Project("{FAE04EC0-301F-11D3-BF4B-00C04F79EFBC}") = "LightBuzz.Vitruvius", "LightBuzz.Vitruvius\LightBuzz.Vitruvius.csproj", "{89E39683-D56D-4604-971B-587C22C62934}"
EndProject
Project("{FAE04EC0-301F-11D3-BF4B-00C04F79EFBC}") = "VitruviusTest", "VitruviusTest\VitruviusTest.csproj", "{0D503AEB-8658-4031-86E5-B460986E7179}"
EndProject
Project("{FAE04EC0-301F-11D3-BF4B-00C04F79EFBC}") = "LightBuzz.Vitruvius.WinForms", "LightBuzz.Vitruvius.WinForms\LightBuzz.Vitruvius.WinForms.csproj", "{4E33A969-0CB9-46CE-A530-1F5C3E9D6847}"
EndProject
Global
	GlobalSection(SolutionConfigurationPlatforms) = preSolution
		Debug|Any CPU = Debug|Any CPU
		Release|Any CPU = Release|Any CPU
	EndGlobalSection
	GlobalSection(ProjectConfigurationPlatforms) = postSolution
		{8BAE0B01-2DD9-44AD-824E-5FE63C0F64D0}.Debug|Any CPU.ActiveCfg = Debug|Any CPU
		{8BAE0B01-2DD9-44AD-824E-5FE63C0F64D0}.Debug|Any CPU.Build.0 = Debug|Any CPU
		{8BAE0B01-2DD9-44AD-824E-5FE63C0F64D0}.Release|Any CPU.ActiveCfg = Release|Any CPU
		{8BAE0B01-2DD9-44AD-824E-5FE63C0F64D0}.Release|Any CPU.Build.0 = Release|Any CPU
		{89E39683-D56D-4604-971B-587C22C62934}.Debug|Any CPU.ActiveCfg = Debug|Any CPU
		{89E39683-D56D-4604-971B-587C22C62934}.Debug|Any CPU.Build.0 = Debug|Any CPU
		{89E39683-D56D-4604-971B-587C22C62934}.Release|Any CPU.ActiveCfg = Release|Any CPU
		{89E39683-D56D-4604-971B-587C22C62934}.Release|Any CPU.Build.0 = Release|Any CPU
		{0D503AEB-8658-4031-86E5-B460986E7179}.Debug|Any CPU.ActiveCfg = Debug|Any CPU
		{0D503AEB-8658-4031-86E5-B460986E7179}.Debug|Any CPU.Build.0 = Debug|Any CPU
		{0D503AEB-8658-4031-86E5-B460986E7179}.Release|Any CPU.ActiveCfg = Release|Any CPU
		{0D503AEB-8658-4031-86E5-B460986E7179}.Release|Any CPU.Build.0 = Release|Any CPU
		{4E33A969-0CB9-46CE-A530-1F5C3E9D6847}.Debug|Any CPU.ActiveCfg = Debug|Any CPU
		{4E33A969-0CB9-46CE-A530-1F5C3E9D6847}.Debug|Any CPU.Build.0 = Debug|Any CPU
		{4E33A969-0CB9-46CE-A530-1F5C3E9D6847}.Release|Any CPU.ActiveCfg = Release|Any CPU
		{4E33A969-0CB9-46CE-A530-1F5C3E9D6847}.Release|Any CPU.Build.0 = Release|Any CPU
	EndGlobalSection
	GlobalSection(SolutionProperties) = preSolution
		HideSolutionNode = FALSE
	EndGlobalSection
EndGlobal
